{
    "_meta": {
        "hash": {
            "sha256": "d502ced73fd560fe08182d42c5372f406c91a6312ebeb54a192ecbcc8ac372e5"
        },
        "pipfile-spec": 6,
        "requires": {
            "python_version": "3.10"
        },
        "sources": [
            {
                "name": "pypi",
                "url": "https://pypi.org/simple",
                "verify_ssl": true
            }
        ]
    },
    "default": {
        "easygui": {
            "hashes": [
                "sha256:073f728ca88a77b74f404446fb8ec3004945427677c5618bd00f70c1b999fef2",
                "sha256:8d38764803c27bbccab2771e6c021cb20647049b36617f765fac79f01af07a27"
            ],
            "index": "pypi",
            "version": "==0.98.2"
        },
        "keyboard": {
            "hashes": [
                "sha256:63ed83305955939ca5c9a73755e5cc43e8242263f5ad5fd3bb7e0b032f3d308b",
                "sha256:8e9c2422f1217e0bd84489b9ecd361027cc78415828f4fe4f88dd4acd587947b"
            ],
            "index": "pypi",
            "version": "==0.13.5"
        },
        "pyperclip": {
            "hashes": [
                "sha256:105254a8b04934f0bc84e9c24eb360a591aaf6535c9def5f29d92af107a9bf57"
            ],
            "index": "pypi",
            "version": "==1.8.2"
        }
    },
    "develop": {}
}
